{"1.2.0",
[{<<"cowlib">>,{pkg,<<"cowlib">>,<<"2.16.1">>},0},
 {<<"http_cache_store_behaviour">>,
  {pkg,<<"http_cache_store_behaviour">>,<<"1.0.0">>},
  0},
 {<<"telemetry">>,{pkg,<<"telemetry">>,<<"1.4.2">>},0}]}.
[
{pkg_hash,[
 {<<"cowlib">>, <<"318D385D55F657E9A5005838C4E426E13DCD724A691438384B6165A69687E531">>},
 {<<"http_cache_store_behaviour">>, <<"351CB452C3BB86305F4BBE9C5C8D73D8D85785563F301BF5F6CE2703B73BD514">>},
 {<<"telemetry">>, <<"A0CB522801DFFB1C49FE6E30561BADFFC7B6D0E180DB1300DF759FAA22062855">>}]},
{pkg_hash_ext,[
 {<<"cowlib">>, <<"58F1E425A9E04176F1D30E20116F57C4E90EF0E187552E9741C465BDF4044F70">>},
 {<<"http_cache_store_behaviour">>, <<"8C85B22D303ECCB0456D693D1D17A564E87077823B70F3032219C496A62DAFDC">>},
 {<<"telemetry">>, <<"928F6495066506077862C0D1646609EED891A4326BEE3126BA54B60AF61FEBB1">>}]}
].
